<?xml version="1.0" encoding="utf-8"?>
<Project ToolsVersion="4.0" xmlns="http://schemas.microsoft.com/developer/msbuild/2003">
  <ItemGroup>
    <Filter Include="Source Files">
      <UniqueIdentifier>{4FC737F1-C7A5-4376-A066-2A32D752A2FF}</UniqueIdentifier>
      <Extensions>cpp;c;cc;cxx;def;odl;idl;hpj;bat;asm;asmx</Extensions>
    </Filter>
    <Filter Include="Header Files">
      <UniqueIdentifier>{93995380-89BD-4b04-88EB-625FBE52EBFB}</UniqueIdentifier>
      <Extensions>h;hpp;hxx;hm;inl;inc;xsd</Extensions>
    </Filter>
    <Filter Include="Resource Files">
      <UniqueIdentifier>{67DA6AB6-F800-4c08-8B7A-83BB121AAD01}</UniqueIdentifier>
      <Extensions>rc;ico;cur;bmp;dlg;rc2;rct;bin;rgs;gif;jpg;jpeg;jpe;resx;tiff;tif;png;wav</Extensions>
    </Filter>
    <Filter Include="Source Files\BetaExtract">
      <UniqueIdentifier>{35f1fccb-885a-421a-b3df-b255d91721e1}</UniqueIdentifier>
    </Filter>
    <Filter Include="Source Files\Waterflow">
      <UniqueIdentifier>{edeff04e-28c2-49ac-bdf4-c0b055386d46}</UniqueIdentifier>
    </Filter>
    <Filter Include="Source Files\CanyonMapper">
      <UniqueIdentifier>{5ff65e80-d055-4807-ac26-6c1e5937dba2}</UniqueIdentifier>
    </Filter>
    <Filter Include="Source Files\Utilities">
      <UniqueIdentifier>{ca3852cd-1cc5-4e54-b44a-fd1873ffdce3}</UniqueIdentifier>
    </Filter>
    <Filter Include="Source Files\Server">
      <UniqueIdentifier>{d178f9f8-dae7-4a32-8689-dfee7dfad070}</UniqueIdentifier>
    </Filter>
    <Filter Include="Source Files\BetaExtract\Locations">
      <UniqueIdentifier>{757c2f85-4f45-4e69-989d-ae605e430334}</UniqueIdentifier>
    </Filter>
    <Filter Include="Header Files\BetaExtract">
      <UniqueIdentifier>{032932fd-72d3-4c51-8388-4460ad2a89eb}</UniqueIdentifier>
    </Filter>
    <Filter Include="Header Files\Server">
      <UniqueIdentifier>{6b5d8c7a-a549-4939-b759-c1095c300afd}</UniqueIdentifier>
    </Filter>
    <Filter Include="Header Files\Utilities">
      <UniqueIdentifier>{aa8de9a1-e971-4ad9-af0e-a4470b6dc047}</UniqueIdentifier>
    </Filter>
  </ItemGroup>
  <ItemGroup>
    <ClCompile Include="rw\BETAExtract.cpp">
      <Filter>Source Files\BetaExtract</Filter>
    </ClCompile>
    <ClCompile Include="rw\Waterflow.cpp">
      <Filter>Source Files\Waterflow</Filter>
    </ClCompile>
    <ClCompile Include="rw\Elevation.cpp">
      <Filter>Source Files\CanyonMapper</Filter>
    </ClCompile>
    <ClCompile Include="rw\BasicExcelVC6.cpp">
      <Filter>Source Files\Utilities</Filter>
    </ClCompile>
    <ClCompile Include="rw\utils.cpp">
      <Filter>Source Files\Utilities</Filter>
    </ClCompile>
    <ClCompile Include="rw\XZip.cpp">
      <Filter>Source Files\Utilities</Filter>
    </ClCompile>
    <ClCompile Include="rw\XUnzip.cpp">
      <Filter>Source Files\Utilities</Filter>
    </ClCompile>
    <ClCompile Include="rw\RWServer.cpp">
      <Filter>Source Files\Server</Filter>
    </ClCompile>
    <ClCompile Include="rw\processcommandline.cpp">
      <Filter>Source Files\Server</Filter>
    </ClCompile>
    <ClCompile Include="rw\processrequest.cpp">
      <Filter>Source Files\Server</Filter>
    </ClCompile>
    <ClCompile Include="rw\GetSet.cpp">
      <Filter>Source Files\Utilities</Filter>
    </ClCompile>
    <ClCompile Include="rw\fcgi\libfcgi\fcgiapp.c">
      <Filter>Source Files\Server</Filter>
    </ClCompile>
    <ClCompile Include="rw\inetdata.cpp">
      <Filter>Source Files\Server</Filter>
    </ClCompile>
    <ClCompile Include="rw\jlib.cpp">
      <Filter>Source Files\Utilities</Filter>
    </ClCompile>
    <ClCompile Include="rw\Lists.cpp">
      <Filter>Source Files\Utilities</Filter>
    </ClCompile>
    <ClCompile Include="rw\fcgi\libfcgi\os_win32.c">
      <Filter>Source Files\Server</Filter>
    </ClCompile>
    <ClCompile Include="rw\picextract.cpp">
      <Filter>Source Files\Utilities</Filter>
    </ClCompile>
    <ClCompile Include="rw\stdafx.cpp">
      <Filter>Source Files\Utilities</Filter>
    </ClCompile>
    <ClCompile Include="rw\DescenteCanyon.cpp">
      <Filter>Source Files\BetaExtract\Locations</Filter>
    </ClCompile>
    <ClCompile Include="rw\BluuGnome.cpp">
      <Filter>Source Files\BetaExtract\Locations</Filter>
    </ClCompile>
    <ClCompile Include="rw\RoadTripRyan.cpp">
      <Filter>Source Files\BetaExtract\Locations</Filter>
    </ClCompile>
    <ClCompile Include="rw\CBrennen.cpp">
      <Filter>Source Files\BetaExtract\Locations</Filter>
    </ClCompile>
    <ClCompile Include="rw\BetaC.cpp">
      <Filter>Source Files\BetaExtract</Filter>
    </ClCompile>
    <ClCompile Include="rw\Books.cpp">
      <Filter>Source Files\BetaExtract\Locations</Filter>
    </ClCompile>
    <ClCompile Include="rw\UKCanyonGuides.cpp">
      <Filter>Source Files\BetaExtract\Locations</Filter>
    </ClCompile>
    <ClCompile Include="rw\SuperAmazingMap.cpp">
      <Filter>Source Files\BetaExtract\Locations</Filter>
    </ClCompile>
    <ClCompile Include="rw\ToddMartin.cpp">
      <Filter>Source Files\BetaExtract\Locations</Filter>
    </ClCompile>
    <ClCompile Include="rw\Code.cpp">
      <Filter>Source Files\BetaExtract</Filter>
    </ClCompile>
    <ClCompile Include="rw\GeoRegion.cpp">
      <Filter>Source Files\BetaExtract</Filter>
    </ClCompile>
    <ClCompile Include="rw\Reunion.cpp">
      <Filter>Source Files\BetaExtract\Locations</Filter>
    </ClCompile>
    <ClCompile Include="rw\ZionCanyoneering.cpp">
      <Filter>Source Files\BetaExtract\Locations</Filter>
    </ClCompile>
    <ClCompile Include="rw\ShortBetaSites.cpp">
      <Filter>Source Files\BetaExtract\Locations</Filter>
    </ClCompile>
    <ClCompile Include="rw\CanyonMag.cpp">
      <Filter>Source Files\BetaExtract\Locations</Filter>
    </ClCompile>
    <ClCompile Include="rw\Tahiti.cpp">
      <Filter>Source Files\BetaExtract\Locations</Filter>
    </ClCompile>
    <ClCompile Include="rw\Martinique.cpp">
      <Filter>Source Files\BetaExtract\Locations</Filter>
    </ClCompile>
    <ClCompile Include="rw\SwissCanyon.cpp">
      <Filter>Source Files\BetaExtract\Locations</Filter>
    </ClCompile>
  </ItemGroup>
  <ItemGroup>
    <ClInclude Include="rw\passwords.h">
      <Filter>Header Files</Filter>
    </ClInclude>
    <ClInclude Include="rw\processcommandline.h">
      <Filter>Header Files\Server</Filter>
    </ClInclude>
    <ClInclude Include="rw\processrequest.h">
      <Filter>Header Files\Server</Filter>
    </ClInclude>
    <ClInclude Include="rw\rw.h">
      <Filter>Header Files\Server</Filter>
    </ClInclude>
    <ClInclude Include="rw\RWServer.h">
      <Filter>Header Files\Server</Filter>
    </ClInclude>
    <ClInclude Include="rw\fcgi\include\fastcgi.h">
      <Filter>Header Files\Server</Filter>
    </ClInclude>
    <ClInclude Include="rw\inetdata.h">
      <Filter>Header Files\Server</Filter>
    </ClInclude>
    <ClInclude Include="rw\ArrayList.h">
      <Filter>Header Files\Utilities</Filter>
    </ClInclude>
    <ClInclude Include="rw\BasicExcelVC6.hpp">
      <Filter>Header Files\Utilities</Filter>
    </ClInclude>
    <ClInclude Include="rw\TradeMaster.h">
      <Filter>Header Files\Utilities</Filter>
    </ClInclude>
    <ClInclude Include="rw\utils.h">
      <Filter>Header Files\Utilities</Filter>
    </ClInclude>
    <ClInclude Include="rw\stdafx.h">
      <Filter>Header Files\Utilities</Filter>
    </ClInclude>
    <ClInclude Include="rw\BETAExtract.h">
      <Filter>Header Files\BetaExtract</Filter>
    </ClInclude>
    <ClInclude Include="rw\DescenteCanyon.h">
      <Filter>Header Files\BetaExtract</Filter>
    </ClInclude>
    <ClInclude Include="rw\BluuGnome.h">
      <Filter>Header Files\BetaExtract</Filter>
    </ClInclude>
    <ClInclude Include="rw\RoadTripRyan.h">
      <Filter>Header Files\BetaExtract</Filter>
    </ClInclude>
    <ClInclude Include="rw\CBrennen.h">
      <Filter>Header Files\BetaExtract</Filter>
    </ClInclude>
    <ClInclude Include="rw\BetaC.h">
      <Filter>Header Files\BetaExtract</Filter>
    </ClInclude>
    <ClInclude Include="rw\BetaX.h">
      <Filter>Header Files\BetaExtract</Filter>
    </ClInclude>
    <ClInclude Include="rw\UKCanyonGuides.h">
      <Filter>Header Files\BetaExtract</Filter>
    </ClInclude>
    <ClInclude Include="rw\Books.h">
      <Filter>Header Files\BetaExtract</Filter>
    </ClInclude>
    <ClInclude Include="rw\Code.h">
      <Filter>Header Files\BetaExtract</Filter>
    </ClInclude>
    <ClInclude Include="rw\GeoRegion.h">
      <Filter>Header Files\BetaExtract</Filter>
    </ClInclude>
    <ClInclude Include="rw\Reunion.h">
      <Filter>Header Files\BetaExtract</Filter>
    </ClInclude>
    <ClInclude Include="rw\BetaWPC.h">
      <Filter>Header Files\BetaExtract</Filter>
    </ClInclude>
    <ClInclude Include="rw\SwissCanyon.h">
      <Filter>Header Files\BetaExtract</Filter>
    </ClInclude>
  </ItemGroup>
  <ItemGroup>
    <Library Include="gdal\gdalwin\lib\gdal_i.lib">
      <Filter>Resource Files</Filter>
    </Library>
  </ItemGroup>
</Project>